
Microsoft Visual Studio Solution File, Format Version 12.00
# Visual Studio Version 16
VisualStudioVersion = 16.0.31911.196
MinimumVisualStudioVersion = 10.0.40219.1
Project("{9A19103F-16F7-4668-BE54-9A1E7A4F7556}") = "XNCPLib", "XNCPLib\XNCPLib.csproj", "{74A16954-FA54-4DFB-8603-FBAC64F168FB}"
EndProject
Project("{9A19103F-16F7-4668-BE54-9A1E7A4F7556}") = "Shuriken", "Shuriken\Shuriken.csproj", "{7775CD47-8CF1-4C30-B9BD-122ACA9043B4}"
EndProject
Project("{9A19103F-16F7-4668-BE54-9A1E7A4F7556}") = "Amicitia.IO", "Amicitia.IO\Amicitia.IO.csproj", "{9E0EA82B-C709-4152-AD28-5074DB1AFD0C}"
EndProject
Global
	GlobalSection(SolutionConfigurationPlatforms) = preSolution
		Debug|Any CPU = Debug|Any CPU
		Release|Any CPU = Release|Any CPU
	EndGlobalSection
	GlobalSection(ProjectConfigurationPlatforms) = postSolution
		{74A16954-FA54-4DFB-8603-FBAC64F168FB}.Debug|Any CPU.ActiveCfg = Debug|Any CPU
		{74A16954-FA54-4DFB-8603-FBAC64F168FB}.Debug|Any CPU.Build.0 = Debug|Any CPU
		{74A16954-FA54-4DFB-8603-FBAC64F168FB}.Release|Any CPU.ActiveCfg = Release|Any CPU
		{74A16954-FA54-4DFB-8603-FBAC64F168FB}.Release|Any CPU.Build.0 = Release|Any CPU
		{7775CD47-8CF1-4C30-B9BD-122ACA9043B4}.Debug|Any CPU.ActiveCfg = Debug|Any CPU
		{7775CD47-8CF1-4C30-B9BD-122ACA9043B4}.Debug|Any CPU.Build.0 = Debug|Any CPU
		{7775CD47-8CF1-4C30-B9BD-122ACA9043B4}.Release|Any CPU.ActiveCfg = Release|Any CPU
		{7775CD47-8CF1-4C30-B9BD-122ACA9043B4}.Release|Any CPU.Build.0 = Release|Any CPU
		{9E0EA82B-C709-4152-AD28-5074DB1AFD0C}.Debug|Any CPU.ActiveCfg = Debug|Any CPU
		{9E0EA82B-C709-4152-AD28-5074DB1AFD0C}.Debug|Any CPU.Build.0 = Debug|Any CPU
		{9E0EA82B-C709-4152-AD28-5074DB1AFD0C}.Release|Any CPU.ActiveCfg = Release|Any CPU
		{9E0EA82B-C709-4152-AD28-5074DB1AFD0C}.Release|Any CPU.Build.0 = Release|Any CPU
	EndGlobalSection
	GlobalSection(SolutionProperties) = preSolution
		HideSolutionNode = FALSE
	EndGlobalSection
	GlobalSection(ExtensibilityGlobals) = postSolution
		SolutionGuid = {49A4E33B-8277-4DA0-B805-A2C1AE4551B1}
	EndGlobalSection
EndGlobal
